<?xml version="1.0" encoding="utf-8"?>
<Project ToolsVersion="4.0" xmlns="http://schemas.microsoft.com/developer/msbuild/2003">
  <ItemGroup>
    <Filter Include="Source Files">
      <UniqueIdentifier>{4FC737F1-C7A5-4376-A066-2A32D752A2FF}</UniqueIdentifier>
      <Extensions>cpp;c;cc;cxx;def;odl;idl;hpj;bat;asm;asmx</Extensions>
    </Filter>
    <Filter Include="Header Files">
      <UniqueIdentifier>{93995380-89BD-4b04-88EB-625FBE52EBFB}</UniqueIdentifier>
      <Extensions>h;hpp;hxx;hm;inl;inc;xsd</Extensions>
    </Filter>
    <Filter Include="Resource Files">
      <UniqueIdentifier>{67DA6AB6-F800-4c08-8B7A-83BB121AAD01}</UniqueIdentifier>
      <Extensions>rc;ico;cur;bmp;dlg;rc2;rct;bin;rgs;gif;jpg;jpeg;jpe;resx;tiff;tif;png;wav</Extensions>
    </Filter>
    <Filter Include="Generated Files">
      <UniqueIdentifier>{7d020073-4e86-403e-b580-e6d5a2ccd0b5}</UniqueIdentifier>
      <SourceControlFiles>False</SourceControlFiles>
    </Filter>
  </ItemGroup>
  <ItemGroup>
    <ClCompile Include="AudioSample.cpp">
      <Filter>Source Files</Filter>
    </ClCompile>
    <ClCompile Include="ExportManager.cpp">
      <Filter>Source Files</Filter>
    </ClCompile>
    <ClCompile Include="FcsDeckControl.cpp">
      <Filter>Source Files</Filter>
    </ClCompile>
    <ClCompile Include="FcsDVManager.cpp">
      <Filter>Source Files</Filter>
    </ClCompile>
    <ClCompile Include="FcsGrabber.cpp">
      <Filter>Source Files</Filter>
    </ClCompile>
    <ClCompile Include="FcsMedia.cpp">
      <Filter>Source Files</Filter>
    </ClCompile>
    <ClCompile Include="FcsPlayer.cpp">
      <Filter>Source Files</Filter>
    </ClCompile>
    <ClCompile Include="FcsSerialControl.cpp">
      <Filter>Source Files</Filter>
    </ClCompile>
    <ClCompile Include="FcsWatermark.cpp">
      <Filter>Source Files</Filter>
    </ClCompile>
    <ClCompile Include="P2Paser.cpp">
      <Filter>Source Files</Filter>
    </ClCompile>
    <ClCompile Include="SGCallbackHandler.cpp">
      <Filter>Source Files</Filter>
    </ClCompile>
    <ClCompile Include="stdafx.cpp">
      <Filter>Source Files</Filter>
    </ClCompile>
    <ClCompile Include="FcsMedia_i.c">
      <Filter>Generated Files</Filter>
    </ClCompile>
    <ClCompile Include="FcsRoi.cpp">
      <Filter>Source Files</Filter>
    </ClCompile>
    <ClCompile Include="..\..\directshow\include\RmfFile.cpp">
      <Filter>Source Files</Filter>
    </ClCompile>
    <ClCompile Include="JbuCapturer.cpp">
      <Filter>Source Files</Filter>
    </ClCompile>
  </ItemGroup>
  <ItemGroup>
    <None Include="FcsMedia.def">
      <Filter>Source Files</Filter>
    </None>
    <None Include="ExportManager.rgs">
      <Filter>Resource Files</Filter>
    </None>
    <None Include="FcsDeckControl.rgs">
      <Filter>Resource Files</Filter>
    </None>
    <None Include="FcsDVManager.rgs">
      <Filter>Resource Files</Filter>
    </None>
    <None Include="FcsGrabber.rgs">
      <Filter>Resource Files</Filter>
    </None>
    <None Include="FcsMedia.rgs">
      <Filter>Resource Files</Filter>
    </None>
    <None Include="FcsPlayer.rgs">
      <Filter>Resource Files</Filter>
    </None>
    <None Include="FcsSerialControl.rgs">
      <Filter>Resource Files</Filter>
    </None>
    <None Include="res\WideWatermark.bmp">
      <Filter>Resource Files</Filter>
    </None>
    <None Include="ReadMe.txt" />
    <None Include="JbuCapturer.rgs">
      <Filter>Resource Files</Filter>
    </None>
  </ItemGroup>
  <ItemGroup>
    <Midl Include="FcsMedia.idl">
      <Filter>Source Files</Filter>
    </Midl>
  </ItemGroup>
  <ItemGroup>
    <ClInclude Include="AudioSample.h">
      <Filter>Header Files</Filter>
    </ClInclude>
    <ClInclude Include="dbgsup.h">
      <Filter>Header Files</Filter>
    </ClInclude>
    <ClInclude Include="ExportManager.h">
      <Filter>Header Files</Filter>
    </ClInclude>
    <ClInclude Include="FcsDeckControl.h">
      <Filter>Header Files</Filter>
    </ClInclude>
    <ClInclude Include="FcsDVManager.h">
      <Filter>Header Files</Filter>
    </ClInclude>
    <ClInclude Include="FcsGrabber.h">
      <Filter>Header Files</Filter>
    </ClInclude>
    <ClInclude Include="FcsPlayer.h">
      <Filter>Header Files</Filter>
    </ClInclude>
    <ClInclude Include="FcsSerialControl.h">
      <Filter>Header Files</Filter>
    </ClInclude>
    <ClInclude Include="FcsWatermark.h">
      <Filter>Header Files</Filter>
    </ClInclude>
    <ClInclude Include="..\..\DirectShow\include\KeyFrameDll.h">
      <Filter>Header Files</Filter>
    </ClInclude>
    <ClInclude Include="P2Paser.h">
      <Filter>Header Files</Filter>
    </ClInclude>
    <ClInclude Include="Resource.h">
      <Filter>Header Files</Filter>
    </ClInclude>
    <ClInclude Include="SGCallbackHandler.h">
      <Filter>Header Files</Filter>
    </ClInclude>
    <ClInclude Include="stdafx.h">
      <Filter>Header Files</Filter>
    </ClInclude>
    <ClInclude Include="FcsMedia.h">
      <Filter>Generated Files</Filter>
    </ClInclude>
    <ClInclude Include="FcsRoi.h">
      <Filter>Header Files</Filter>
    </ClInclude>
    <ClInclude Include="..\..\directshow\include\RmfFile.h">
      <Filter>Header Files</Filter>
    </ClInclude>
    <ClInclude Include="targetver.h">
      <Filter>Header Files</Filter>
    </ClInclude>
    <ClInclude Include="_IJbuCapturerEvents_CP.h">
      <Filter>Header Files</Filter>
    </ClInclude>
    <ClInclude Include="JbuCapturer.h">
      <Filter>Header Files</Filter>
    </ClInclude>
  </ItemGroup>
  <ItemGroup>
    <ResourceCompile Include="FcsMedia.rc">
      <Filter>Resource Files</Filter>
    </ResourceCompile>
  </ItemGroup>
</Project>